// !$*UTF8*$!
{
	archiveVersion = 1;
	classes = {
	};
	objectVersion = 46;
	objects = {

/* Begin PBXBuildFile section */
		15F9CA851C694BAE00C11389 /* AppDelegate.swift in Sources */ = {isa = PBXBuildFile; fileRef = 15F9CA841C694BAE00C11389 /* AppDelegate.swift */; };
		15F9CA871C694BAF00C11389 /* ViewController.swift in Sources */ = {isa = PBXBuildFile; fileRef = 15F9CA861C694BAF00C11389 /* ViewController.swift */; };
		15F9CA8A1C694BAF00C11389 /* Main.storyboard in Resources */ = {isa = PBXBuildFile; fileRef = 15F9CA881C694BAF00C11389 /* Main.storyboard */; };
		15F9CA8C1C694BAF00C11389 /* Assets.xcassets in Resources */ = {isa = PBXBuildFile; fileRef = 15F9CA8B1C694BAF00C11389 /* Assets.xcassets */; };
		15F9CA8F1C694BAF00C11389 /* LaunchScreen.storyboard in Resources */ = {isa = PBXBuildFile; fileRef = 15F9CA8D1C694BAF00C11389 /* LaunchScreen.storyboard */; };
		15F9CA971C694F8100C11389 /* Item.swift in Sources */ = {isa = PBXBuildFile; fileRef = 15F9CA961C694F8100C11389 /* Item.swift */; };
/* End PBXBuildFile section */

/* Begin PBXFileReference section */
		15F9CA811C694BAE00C11389 /* ShoppingList.app */ = {isa = PBXFileReference; explicitFileType = wrapper.application; includeInIndex = 0; path = ShoppingList.app; sourceTree = BUILT_PRODUCTS_DIR; };
		15F9CA841C694BAE00C11389 /* AppDelegate.swift */ = {isa = PBXFileReference; lastKnownFileType = sourcecode.swift; path = AppDelegate.swift; sourceTree = "<group>"; };
		15F9CA861C694BAF00C11389 /* ViewController.swift */ = {isa = PBXFileReference; lastKnownFileType = sourcecode.swift; path = ViewController.swift; sourceTree = "<group>"; };
		15F9CA891C694BAF00C11389 /* Base */ = {isa = PBXFileReference; lastKnownFileType = file.storyboard; name = Base; path = Base.lproj/Main.storyboard; sourceTree = "<group>"; };
		15F9CA8B1C694BAF00C11389 /* Assets.xcassets */ = {isa = PBXFileReference; lastKnownFileType = folder.assetcatalog; path = Assets.xcassets; sourceTree = "<group>"; };
		15F9CA8E1C694BAF00C11389 /* Base */ = {isa = PBXFileReference; lastKnownFileType = file.storyboard; name = Base; path = Base.lproj/LaunchScreen.storyboard; sourceTree = "<group>"; };
		15F9CA901C694BAF00C11389 /* Info.plist */ = {isa = PBXFileReference; lastKnownFileType = text.plist.xml; path = Info.plist; sourceTree = "<group>"; };
		15F9CA961C694F8100C11389 /* Item.swift */ = {isa = PBXFileReference; fileEncoding = 4; lastKnownFileType = sourcecode.swift; path = Item.swift; sourceTree = "<group>"; };
/* End PBXFileReference section */

/* Begin PBXFrameworksBuildPhase section */
		15F9CA7E1C694BAE00C11389 /* Frameworks */ = {
			isa = PBXFrameworksBuildPhase;
			buildActionMask = 2147483647;
			files = (
			);
			runOnlyForDeploymentPostprocessing = 0;
		};
/* End PBXFrameworksBuildPhase section */

/* Begin PBXGroup section */
		15F9CA781C694BAE00C11389 = {
			isa = PBXGroup;
			children = (
				15F9CA831C694BAE00C11389 /* ShoppingList */,
				15F9CA821C694BAE00C11389 /* Products */,
			);
			sourceTree = "<group>";
		};
		15F9CA821C694BAE00C11389 /* Products */ = {
			isa = PBXGroup;
			children = (
				15F9CA811C694BAE00C11389 /* ShoppingList.app */,
			);
			name = Products;
			sourceTree = "<group>";
		};
		15F9CA831C694BAE00C11389 /* ShoppingList */ = {
			isa = PBXGroup;
			children = (
				15F9CA841C694BAE00C11389 /* AppDelegate.swift */,
				15F9CA861C694BAF00C11389 /* ViewController.swift */,
				15F9CA881C694BAF00C11389 /* Main.storyboard */,
				15F9CA8B1C694BAF00C11389 /* Assets.xcassets */,
				15F9CA8D1C694BAF00C11389 /* LaunchScreen.storyboard */,
				15F9CA901C694BAF00C11389 /* Info.plist */,
				15F9CA961C694F8100C11389 /* Item.swift */,
			);
			path = ShoppingList;
			sourceTree = "<group>";
		};
/* End PBXGroup section */

/* Begin PBXNativeTarget section */
		15F9CA801C694BAE00C11389 /* ShoppingList */ = {
			isa = PBXNativeTarget;
			buildConfigurationList = 15F9CA931C694BAF00C11389 /* Build configuration list for PBXNativeTarget "ShoppingList" */;
			buildPhases = (
				15F9CA7D1C694BAE00C11389 /* Sources */,
				15F9CA7E1C694BAE00C11389 /* Frameworks */,
				15F9CA7F1C694BAE00C11389 /* Resources */,
			);
			buildRules = (
			);
			dependencies = (
			);
			name = ShoppingList;
			productName = ShoppingList;
			productReference = 15F9CA811C694BAE00C11389 /* ShoppingList.app */;
			productType = "com.apple.product-type.application";
		};
/* End PBXNativeTarget section */

/* Begin PBXProject section */
		15F9CA791C694BAE00C11389 /* Project object */ = {
			isa = PBXProject;
			attributes = {
				LastSwiftUpdateCheck = 0720;
				LastUpgradeCheck = 0720;
				ORGANIZATIONNAME = "Jim Liu";
				TargetAttributes = {
					15F9CA801C694BAE00C11389 = {
						CreatedOnToolsVersion = 7.2.1;
					};
				};
			};
			buildConfigurationList = 15F9CA7C1C694BAE00C11389 /* Build configuration list for PBXProject "ShoppingList" */;
			compatibilityVersion = "Xcode 3.2";
			developmentRegion = English;
			hasScannedForEncodings = 0;
			knownRegions = (
				en,
				Base,
			);
			mainGroup = 15F9CA781C694BAE00C11389;
			productRefGroup = 15F9CA821C694BAE00C11389 /* Products */;
			projectDirPath = "";
			projectRoot = "";
			targets = (
				15F9CA801C694BAE00C11389 /* ShoppingList */,
			);
		};
/* End PBXProject section */

/* Begin PBXResourcesBuildPhase section */
		15F9CA7F1C694BAE00C11389 /* Resources */ = {
			isa = PBXResourcesBuildPhase;
			buildActionMask = 2147483647;
			files = (
				15F9CA8F1C694BAF00C11389 /* LaunchScreen.storyboard in Resources */,
				15F9CA8C1C694BAF00C11389 /* Assets.xcassets in Resources */,
				15F9CA8A1C694BAF00C11389 /* Main.storyboard in Resources */,
			);
			runOnlyForDeploymentPostprocessing = 0;
		};
/* End PBXResourcesBuildPhase section */

/* Begin PBXSourcesBuildPhase section */
		15F9CA7D1C694BAE00C11389 /* Sources */ = {
			isa = PBXSourcesBuildPhase;
			buildActionMask = 2147483647;
			files = (
				15F9CA871C694BAF00C11389 /* ViewController.swift in Sources */,
				15F9CA971C694F8100C11389 /* Item.swift in Sources */,
				15F9CA851C694BAE00C11389 /* AppDelegate.swift in Sources */,
			);
			runOnlyForDeploymentPostprocessing = 0;
		};
/* End PBXSourcesBuildPhase section */

/* Begin PBXVariantGroup section */
		15F9CA881C694BAF00C11389 /* Main.storyboard */ = {
			isa = PBXVariantGroup;
			children = (
				15F9CA891C694BAF00C11389 /* Base */,
			);
			name = Main.storyboard;
			sourceTree = "<group>";
		};
		15F9CA8D1C694BAF00C11389 /* LaunchScreen.storyboard */ = {
			isa = PBXVariantGroup;
			children = (
				15F9CA8E1C694BAF00C11389 /* Base */,
			);
			name = LaunchScreen.storyboard;
			sourceTree = "<group>";
		};
/* End PBXVariantGroup section */

/* Begin XCBuildConfiguration section */
		15F9CA911C694BAF00C11389 /* Debug */ = {
			isa = XCBuildConfiguration;
			buildSettings = {
				ALWAYS_SEARCH_USER_PATHS = NO;
				CLANG_CXX_LANGUAGE_STANDARD = "gnu++0x";
				CLANG_CXX_LIBRARY = "libc++";
				CLANG_ENABLE_MODULES = YES;
				CLANG_ENABLE_OBJC_ARC = YES;
				CLANG_WARN_BOOL_CONVERSION = YES;
				CLANG_WARN_CONSTANT_CONVERSION = YES;
				CLANG_WARN_DIRECT_OBJC_ISA_USAGE = YES_ERROR;
				CLANG_WARN_EMPTY_BODY = YES;
				CLANG_WARN_ENUM_CONVERSION = YES;
				CLANG_WARN_INT_CONVERSION = YES;
				CLANG_WARN_OBJC_ROOT_CLASS = YES_ERROR;
				CLANG_WARN_UNREACHABLE_CODE = YES;
				CLANG_WARN__DUPLICATE_METHOD_MATCH = YES;
				"CODE_SIGN_IDENTITY[sdk=iphoneos*]" = "iPhone Developer";
				COPY_PHASE_STRIP = NO;
				DEBUG_INFORMATION_FORMAT = dwarf;
				ENABLE_STRICT_OBJC_MSGSEND = YES;
				ENABLE_TESTABILITY = YES;
				GCC_C_LANGUAGE_STANDARD = gnu99;
				GCC_DYNAMIC_NO_PIC = NO;
				GCC_NO_COMMON_BLOCKS = YES;
				GCC_OPTIMIZATION_LEVEL = 0;
				GCC_PREPROCESSOR_DEFINITIONS = (
					"DEBUG=1",
					"$(inherited)",
				);
				GCC_WARN_64_TO_32_BIT_CONVERSION = YES;
				GCC_WARN_ABOUT_RETURN_TYPE = YES_ERROR;
				GCC_WARN_UNDECLARED_SELECTOR = YES;
				GCC_WARN_UNINITIALIZED_AUTOS = YES_AGGRESSIVE;
				GCC_WARN_UNUSED_FUNCTION = YES;
				GCC_WARN_UNUSED_VARIABLE = YES;
				IPHONEOS_DEPLOYMENT_TARGET = 9.2;
				MTL_ENABLE_DEBUG_INFO = YES;
				ONLY_ACTIVE_ARCH = YES;
				SDKROOT = iphoneos;
				SWIFT_OPTIMIZATION_LEVEL = "-Onone";
			};
			name = Debug;
		};
		15F9CA921C694BAF00C11389 /* Release */ = {
			isa = XCBuildConfiguration;
			buildSettings = {
				ALWAYS_SEARCH_USER_PATHS = NO;
				CLANG_CXX_LANGUAGE_STANDARD = "gnu++0x";
				CLANG_CXX_LIBRARY = "libc++";
				CLANG_ENABLE_MODULES = YES;
				CLANG_ENABLE_OBJC_ARC = YES;
				CLANG_WARN_BOOL_CONVERSION = YES;
				CLANG_WARN_CONSTANT_CONVERSION = YES;
				CLANG_WARN_DIRECT_OBJC_ISA_USAGE = YES_ERROR;
				CLANG_WARN_EMPTY_BODY = YES;
				CLANG_WARN_ENUM_CONVERSION = YES;
				CLANG_WARN_INT_CONVERSION = YES;
				CLANG_WARN_OBJC_ROOT_CLASS = YES_ERROR;
				CLANG_WARN_UNREACHABLE_CODE = YES;
				CLANG_WARN__DUPLICATE_METHOD_MATCH = YES;
				"CODE_SIGN_IDENTITY[sdk=iphoneos*]" = "iPhone Developer";
				COPY_PHASE_STRIP = NO;
				DEBUG_INFORMATION_FORMAT = "dwarf-with-dsym";
				ENABLE_NS_ASSERTIONS = NO;
				ENABLE_STRICT_OBJC_MSGSEND = YES;
				GCC_C_LANGUAGE_STANDARD = gnu99;
				GCC_NO_COMMON_BLOCKS = YES;
				GCC_WARN_64_TO_32_BIT_CONVERSION = YES;
				GCC_WARN_ABOUT_RETURN_TYPE = YES_ERROR;
				GCC_WARN_UNDECLARED_SELECTOR = YES;
				GCC_WARN_UNINITIALIZED_AUTOS = YES_AGGRESSIVE;
				GCC_WARN_UNUSED_FUNCTION = YES;
				GCC_WARN_UNUSED_VARIABLE = YES;
				IPHONEOS_DEPLOYMENT_TARGET = 9.2;
				MTL_ENABLE_DEBUG_INFO = NO;
				SDKROOT = iphoneos;
				VALIDATE_PRODUCT = YES;
			};
			name = Release;
		};
		15F9CA941C694BAF00C11389 /* Debug */ = {
			isa = XCBuildConfiguration;
			buildSettings = {
				ASSETCATALOG_COMPILER_APPICON_NAME = AppIcon;
				INFOPLIST_FILE = ShoppingList/Info.plist;
				LD_RUNPATH_SEARCH_PATHS = "$(inherited) @executable_path/Frameworks";
				PRODUCT_BUNDLE_IDENTIFIER = jliu.ShoppingList;
				PRODUCT_NAME = "$(TARGET_NAME)";
			};
			name = Debug;
		};
		15F9CA951C694BAF00C11389 /* Release */ = {
			isa = XCBuildConfiguration;
			buildSettings = {
				ASSETCATALOG_COMPILER_APPICON_NAME = AppIcon;
				INFOPLIST_FILE = ShoppingList/Info.plist;
				LD_RUNPATH_SEARCH_PATHS = "$(inherited) @executable_path/Frameworks";
				PRODUCT_BUNDLE_IDENTIFIER = jliu.ShoppingList;
				PRODUCT_NAME = "$(TARGET_NAME)";
			};
			name = Release;
		};
/* End XCBuildConfiguration section */

/* Begin XCConfigurationList section */
		15F9CA7C1C694BAE00C11389 /* Build configuration list for PBXProject "ShoppingList" */ = {
			isa = XCConfigurationList;
			buildConfigurations = (
				15F9CA911C694BAF00C11389 /* Debug */,
				15F9CA921C694BAF00C11389 /* Release */,
			);
			defaultConfigurationIsVisible = 0;
			defaultConfigurationName = Release;
		};
		15F9CA931C694BAF00C11389 /* Build configuration list for PBXNativeTarget "ShoppingList" */ = {
			isa = XCConfigurationList;
			buildConfigurations = (
				15F9CA941C694BAF00C11389 /* Debug */,
				15F9CA951C694BAF00C11389 /* Release */,
			);
			defaultConfigurationIsVisible = 0;
		};
/* End XCConfigurationList section */
	};
	rootObject = 15F9CA791C694BAE00C11389 /* Project object */;
}
